
Microsoft Visual Studio Solution File, Format Version 12.00
# Visual Studio 2012
Project("{8BC9CEB8-8B4A-11D0-8D11-00A0C91BC942}") = "Win32", "Win32Project\Win32Project.vcxproj", "{2B441CE1-0B9C-401C-92E4-E2CFA1DA7E37}"
EndProject
Project("{8BC9CEB8-8B4A-11D0-8D11-00A0C91BC942}") = "Metro", "Metro\Metro.vcxproj", "{DAEABEB6-F1CE-401B-8742-F82472EA4CE6}"
EndProject
Global
	GlobalSection(SubversionScc) = preSolution
		Svn-Managed = True
		Manager = AnkhSVN - Subversion Support for Visual Studio
	EndGlobalSection
	GlobalSection(SolutionConfigurationPlatforms) = preSolution
		D3D_Debug|ARM = D3D_Debug|ARM
		D3D_Debug|Win32 = D3D_Debug|Win32
		D3D_Debug|x64 = D3D_Debug|x64
		D3D_Release|ARM = D3D_Release|ARM
		D3D_Release|Win32 = D3D_Release|Win32
		D3D_Release|x64 = D3D_Release|x64
		Debug|ARM = Debug|ARM
		Debug|Win32 = Debug|Win32
		Debug|x64 = Debug|x64
		OpenGL_Debug|ARM = OpenGL_Debug|ARM
		OpenGL_Debug|Win32 = OpenGL_Debug|Win32
		OpenGL_Debug|x64 = OpenGL_Debug|x64
		OpenGL_Release|ARM = OpenGL_Release|ARM
		OpenGL_Release|Win32 = OpenGL_Release|Win32
		OpenGL_Release|x64 = OpenGL_Release|x64
		Release|ARM = Release|ARM
		Release|Win32 = Release|Win32
		Release|x64 = Release|x64
	EndGlobalSection
	GlobalSection(ProjectConfigurationPlatforms) = postSolution
		{2B441CE1-0B9C-401C-92E4-E2CFA1DA7E37}.D3D_Debug|ARM.ActiveCfg = D3D_Debug|Win32
		{2B441CE1-0B9C-401C-92E4-E2CFA1DA7E37}.D3D_Debug|Win32.ActiveCfg = D3D_Debug|Win32
		{2B441CE1-0B9C-401C-92E4-E2CFA1DA7E37}.D3D_Debug|Win32.Build.0 = D3D_Debug|Win32
		{2B441CE1-0B9C-401C-92E4-E2CFA1DA7E37}.D3D_Debug|x64.ActiveCfg = D3D_Debug|Win32
		{2B441CE1-0B9C-401C-92E4-E2CFA1DA7E37}.D3D_Release|ARM.ActiveCfg = D3D_Release|Win32
		{2B441CE1-0B9C-401C-92E4-E2CFA1DA7E37}.D3D_Release|Win32.ActiveCfg = D3D_Release|Win32
		{2B441CE1-0B9C-401C-92E4-E2CFA1DA7E37}.D3D_Release|Win32.Build.0 = D3D_Release|Win32
		{2B441CE1-0B9C-401C-92E4-E2CFA1DA7E37}.D3D_Release|x64.ActiveCfg = D3D_Release|Win32
		{2B441CE1-0B9C-401C-92E4-E2CFA1DA7E37}.Debug|ARM.ActiveCfg = OpenGL_Debug|Win32
		{2B441CE1-0B9C-401C-92E4-E2CFA1DA7E37}.Debug|Win32.ActiveCfg = D3D_Debug|Win32
		{2B441CE1-0B9C-401C-92E4-E2CFA1DA7E37}.Debug|Win32.Build.0 = D3D_Debug|Win32
		{2B441CE1-0B9C-401C-92E4-E2CFA1DA7E37}.Debug|x64.ActiveCfg = OpenGL_Debug|Win32
		{2B441CE1-0B9C-401C-92E4-E2CFA1DA7E37}.OpenGL_Debug|ARM.ActiveCfg = OpenGL_Debug|Win32
		{2B441CE1-0B9C-401C-92E4-E2CFA1DA7E37}.OpenGL_Debug|Win32.ActiveCfg = OpenGL_Debug|Win32
		{2B441CE1-0B9C-401C-92E4-E2CFA1DA7E37}.OpenGL_Debug|Win32.Build.0 = OpenGL_Debug|Win32
		{2B441CE1-0B9C-401C-92E4-E2CFA1DA7E37}.OpenGL_Debug|x64.ActiveCfg = OpenGL_Debug|Win32
		{2B441CE1-0B9C-401C-92E4-E2CFA1DA7E37}.OpenGL_Release|ARM.ActiveCfg = OpenGL_Release|Win32
		{2B441CE1-0B9C-401C-92E4-E2CFA1DA7E37}.OpenGL_Release|Win32.ActiveCfg = OpenGL_Release|Win32
		{2B441CE1-0B9C-401C-92E4-E2CFA1DA7E37}.OpenGL_Release|Win32.Build.0 = OpenGL_Release|Win32
		{2B441CE1-0B9C-401C-92E4-E2CFA1DA7E37}.OpenGL_Release|x64.ActiveCfg = OpenGL_Release|Win32
		{2B441CE1-0B9C-401C-92E4-E2CFA1DA7E37}.Release|ARM.ActiveCfg = OpenGL_Release|Win32
		{2B441CE1-0B9C-401C-92E4-E2CFA1DA7E37}.Release|Win32.ActiveCfg = OpenGL_Release|Win32
		{2B441CE1-0B9C-401C-92E4-E2CFA1DA7E37}.Release|Win32.Build.0 = OpenGL_Release|Win32
		{2B441CE1-0B9C-401C-92E4-E2CFA1DA7E37}.Release|x64.ActiveCfg = OpenGL_Release|Win32
		{DAEABEB6-F1CE-401B-8742-F82472EA4CE6}.D3D_Debug|ARM.ActiveCfg = Debug|ARM
		{DAEABEB6-F1CE-401B-8742-F82472EA4CE6}.D3D_Debug|ARM.Build.0 = Debug|ARM
		{DAEABEB6-F1CE-401B-8742-F82472EA4CE6}.D3D_Debug|ARM.Deploy.0 = Debug|ARM
		{DAEABEB6-F1CE-401B-8742-F82472EA4CE6}.D3D_Debug|Win32.ActiveCfg = Debug|Win32
		{DAEABEB6-F1CE-401B-8742-F82472EA4CE6}.D3D_Debug|x64.ActiveCfg = Debug|x64
		{DAEABEB6-F1CE-401B-8742-F82472EA4CE6}.D3D_Debug|x64.Build.0 = Debug|x64
		{DAEABEB6-F1CE-401B-8742-F82472EA4CE6}.D3D_Debug|x64.Deploy.0 = Debug|x64
		{DAEABEB6-F1CE-401B-8742-F82472EA4CE6}.D3D_Release|ARM.ActiveCfg = Release|ARM
		{DAEABEB6-F1CE-401B-8742-F82472EA4CE6}.D3D_Release|ARM.Build.0 = Release|ARM
		{DAEABEB6-F1CE-401B-8742-F82472EA4CE6}.D3D_Release|ARM.Deploy.0 = Release|ARM
		{DAEABEB6-F1CE-401B-8742-F82472EA4CE6}.D3D_Release|Win32.ActiveCfg = Release|Win32
		{DAEABEB6-F1CE-401B-8742-F82472EA4CE6}.D3D_Release|Win32.Build.0 = Release|Win32
		{DAEABEB6-F1CE-401B-8742-F82472EA4CE6}.D3D_Release|Win32.Deploy.0 = Release|Win32
		{DAEABEB6-F1CE-401B-8742-F82472EA4CE6}.D3D_Release|x64.ActiveCfg = Release|x64
		{DAEABEB6-F1CE-401B-8742-F82472EA4CE6}.D3D_Release|x64.Build.0 = Release|x64
		{DAEABEB6-F1CE-401B-8742-F82472EA4CE6}.D3D_Release|x64.Deploy.0 = Release|x64
		{DAEABEB6-F1CE-401B-8742-F82472EA4CE6}.Debug|ARM.ActiveCfg = Debug|ARM
		{DAEABEB6-F1CE-401B-8742-F82472EA4CE6}.Debug|ARM.Build.0 = Debug|ARM
		{DAEABEB6-F1CE-401B-8742-F82472EA4CE6}.Debug|ARM.Deploy.0 = Debug|ARM
		{DAEABEB6-F1CE-401B-8742-F82472EA4CE6}.Debug|Win32.ActiveCfg = Debug|Win32
		{DAEABEB6-F1CE-401B-8742-F82472EA4CE6}.Debug|Win32.Build.0 = Debug|Win32
		{DAEABEB6-F1CE-401B-8742-F82472EA4CE6}.Debug|Win32.Deploy.0 = Debug|Win32
		{DAEABEB6-F1CE-401B-8742-F82472EA4CE6}.Debug|x64.ActiveCfg = Debug|x64
		{DAEABEB6-F1CE-401B-8742-F82472EA4CE6}.Debug|x64.Build.0 = Debug|x64
		{DAEABEB6-F1CE-401B-8742-F82472EA4CE6}.Debug|x64.Deploy.0 = Debug|x64
		{DAEABEB6-F1CE-401B-8742-F82472EA4CE6}.OpenGL_Debug|ARM.ActiveCfg = Debug|ARM
		{DAEABEB6-F1CE-401B-8742-F82472EA4CE6}.OpenGL_Debug|ARM.Build.0 = Debug|ARM
		{DAEABEB6-F1CE-401B-8742-F82472EA4CE6}.OpenGL_Debug|ARM.Deploy.0 = Debug|ARM
		{DAEABEB6-F1CE-401B-8742-F82472EA4CE6}.OpenGL_Debug|Win32.ActiveCfg = Debug|Win32
		{DAEABEB6-F1CE-401B-8742-F82472EA4CE6}.OpenGL_Debug|Win32.Build.0 = Debug|Win32
		{DAEABEB6-F1CE-401B-8742-F82472EA4CE6}.OpenGL_Debug|Win32.Deploy.0 = Debug|Win32
		{DAEABEB6-F1CE-401B-8742-F82472EA4CE6}.OpenGL_Debug|x64.ActiveCfg = Debug|x64
		{DAEABEB6-F1CE-401B-8742-F82472EA4CE6}.OpenGL_Debug|x64.Build.0 = Debug|x64
		{DAEABEB6-F1CE-401B-8742-F82472EA4CE6}.OpenGL_Debug|x64.Deploy.0 = Debug|x64
		{DAEABEB6-F1CE-401B-8742-F82472EA4CE6}.OpenGL_Release|ARM.ActiveCfg = Release|ARM
		{DAEABEB6-F1CE-401B-8742-F82472EA4CE6}.OpenGL_Release|ARM.Build.0 = Release|ARM
		{DAEABEB6-F1CE-401B-8742-F82472EA4CE6}.OpenGL_Release|ARM.Deploy.0 = Release|ARM
		{DAEABEB6-F1CE-401B-8742-F82472EA4CE6}.OpenGL_Release|Win32.ActiveCfg = Release|Win32
		{DAEABEB6-F1CE-401B-8742-F82472EA4CE6}.OpenGL_Release|x64.ActiveCfg = Release|x64
		{DAEABEB6-F1CE-401B-8742-F82472EA4CE6}.OpenGL_Release|x64.Build.0 = Release|x64
		{DAEABEB6-F1CE-401B-8742-F82472EA4CE6}.OpenGL_Release|x64.Deploy.0 = Release|x64
		{DAEABEB6-F1CE-401B-8742-F82472EA4CE6}.Release|ARM.ActiveCfg = Release|ARM
		{DAEABEB6-F1CE-401B-8742-F82472EA4CE6}.Release|ARM.Build.0 = Release|ARM
		{DAEABEB6-F1CE-401B-8742-F82472EA4CE6}.Release|ARM.Deploy.0 = Release|ARM
		{DAEABEB6-F1CE-401B-8742-F82472EA4CE6}.Release|Win32.ActiveCfg = Release|Win32
		{DAEABEB6-F1CE-401B-8742-F82472EA4CE6}.Release|Win32.Build.0 = Release|Win32
		{DAEABEB6-F1CE-401B-8742-F82472EA4CE6}.Release|Win32.Deploy.0 = Release|Win32
		{DAEABEB6-F1CE-401B-8742-F82472EA4CE6}.Release|x64.ActiveCfg = Release|x64
		{DAEABEB6-F1CE-401B-8742-F82472EA4CE6}.Release|x64.Build.0 = Release|x64
		{DAEABEB6-F1CE-401B-8742-F82472EA4CE6}.Release|x64.Deploy.0 = Release|x64
	EndGlobalSection
	GlobalSection(SolutionProperties) = preSolution
		HideSolutionNode = FALSE
	EndGlobalSection
EndGlobal
