<?xml version="1.0" encoding="utf-8"?>
<Project ToolsVersion="4.0" xmlns="http://schemas.microsoft.com/developer/msbuild/2003">
  <ItemGroup>
    <Filter Include="Source Files">
      <UniqueIdentifier>{4FC737F1-C7A5-4376-A066-2A32D752A2FF}</UniqueIdentifier>
      <Extensions>cpp;c;cc;cxx;def;odl;idl;hpj;bat;asm;asmx</Extensions>
    </Filter>
    <Filter Include="Header Files">
      <UniqueIdentifier>{93995380-89BD-4b04-88EB-625FBE52EBFB}</UniqueIdentifier>
      <Extensions>h;hpp;hxx;hm;inl;inc;xsd</Extensions>
    </Filter>
    <Filter Include="Header Files\Box2D">
      <UniqueIdentifier>{31d27f38-f2f2-4a90-9bf7-9c284909dc43}</UniqueIdentifier>
    </Filter>
    <Filter Include="Header Files\Win32">
      <UniqueIdentifier>{187ea6c1-dbab-413b-925a-d887b3d85cde}</UniqueIdentifier>
    </Filter>
    <Filter Include="Header Files\Base">
      <UniqueIdentifier>{52eae108-41c2-41ea-af95-e32de1698768}</UniqueIdentifier>
      <Extensions>
      </Extensions>
    </Filter>
    <Filter Include="Header Files\Dictionary">
      <UniqueIdentifier>{b19d1399-c8a1-437c-b6c1-72685473042c}</UniqueIdentifier>
    </Filter>
    <Filter Include="Header Files\Fluid">
      <UniqueIdentifier>{b366a85d-9ca2-4e8d-ac5a-850cb624635a}</UniqueIdentifier>
    </Filter>
    <Filter Include="Header Files\Game">
      <UniqueIdentifier>{190b6bfc-90e4-4990-9613-3dc63f567fd1}</UniqueIdentifier>
    </Filter>
    <Filter Include="Header Files\Gfx">
      <UniqueIdentifier>{d869a85c-0436-4477-804f-307cd952bdbb}</UniqueIdentifier>
    </Filter>
    <Filter Include="Header Files\RapidXML">
      <UniqueIdentifier>{0819b14e-9f35-447f-9cdd-1d69a5e6a697}</UniqueIdentifier>
    </Filter>
    <Filter Include="Header Files\UI">
      <UniqueIdentifier>{1903124d-a53e-42ec-984b-cfe47039d010}</UniqueIdentifier>
    </Filter>
    <Filter Include="Header Files\Win32\D3D">
      <UniqueIdentifier>{9f4a25df-8aca-4565-b6d7-b5d0b2d9c61a}</UniqueIdentifier>
    </Filter>
    <Filter Include="Header Files\Win32\OpenGL">
      <UniqueIdentifier>{88e9ebf5-f630-4f5b-bb1d-366b6dd152ac}</UniqueIdentifier>
    </Filter>
    <Filter Include="Source Files\Base">
      <UniqueIdentifier>{cbce293b-7f81-4392-8eeb-2fda45c60fb4}</UniqueIdentifier>
    </Filter>
    <Filter Include="Source Files\Box2D">
      <UniqueIdentifier>{92a3fa97-bf87-486f-8b91-dbdaf3fed9dd}</UniqueIdentifier>
    </Filter>
    <Filter Include="Source Files\Dictionary">
      <UniqueIdentifier>{f6a34051-21d9-4b64-bd71-dc99e4575d48}</UniqueIdentifier>
    </Filter>
    <Filter Include="Source Files\Fluid">
      <UniqueIdentifier>{38d509b1-2fbd-4c65-b465-a0069a244dc5}</UniqueIdentifier>
    </Filter>
    <Filter Include="Source Files\Game">
      <UniqueIdentifier>{0fa2a937-5fd5-4934-aaf4-5858cad0d754}</UniqueIdentifier>
    </Filter>
    <Filter Include="Source Files\Gfx">
      <UniqueIdentifier>{b7d30b9f-5ce2-4816-8be5-240b53210293}</UniqueIdentifier>
    </Filter>
    <Filter Include="Source Files\RapidXML">
      <UniqueIdentifier>{03bb97d4-df55-4fa9-8538-579104c0ba3b}</UniqueIdentifier>
    </Filter>
    <Filter Include="Source Files\UI">
      <UniqueIdentifier>{7bad4995-ef02-46f0-9f22-1cd348056c7f}</UniqueIdentifier>
    </Filter>
    <Filter Include="Source Files\Win32">
      <UniqueIdentifier>{c9384fc8-2308-4de1-9e5d-efad6dab14d8}</UniqueIdentifier>
    </Filter>
    <Filter Include="Source Files\Win32\OpenGL">
      <UniqueIdentifier>{028c900e-1b1b-45e7-925c-bba4c43553d8}</UniqueIdentifier>
    </Filter>
    <Filter Include="Source Files\Win32\D3D">
      <UniqueIdentifier>{62d35799-d9b0-4d64-84d1-a710fd8d7238}</UniqueIdentifier>
    </Filter>
    <Filter Include="Data">
      <UniqueIdentifier>{6d39c831-b775-4067-bf19-599e33888121}</UniqueIdentifier>
    </Filter>
  </ItemGroup>
  <ItemGroup>
    <ClCompile Include="..\Source\MainUI.cpp">
      <Filter>Source Files</Filter>
    </ClCompile>
    <ClCompile Include="..\Source\MakeTheWords.cpp">
      <Filter>Source Files</Filter>
    </ClCompile>
    <ClCompile Include="..\Source\Box2D\Box2D\Common\b2BlockAllocator.cpp">
      <Filter>Source Files\Box2D</Filter>
    </ClCompile>
    <ClCompile Include="..\Source\Box2D\Box2D\Dynamics\b2Body.cpp">
      <Filter>Source Files\Box2D</Filter>
    </ClCompile>
    <ClCompile Include="..\Source\Box2D\Box2D\Collision\b2BroadPhase.cpp">
      <Filter>Source Files\Box2D</Filter>
    </ClCompile>
    <ClCompile Include="..\Source\Box2D\Box2D\Dynamics\Contacts\b2ChainAndCircleContact.cpp">
      <Filter>Source Files\Box2D</Filter>
    </ClCompile>
    <ClCompile Include="..\Source\Box2D\Box2D\Dynamics\Contacts\b2ChainAndPolygonContact.cpp">
      <Filter>Source Files\Box2D</Filter>
    </ClCompile>
    <ClCompile Include="..\Source\Box2D\Box2D\Collision\Shapes\b2ChainShape.cpp">
      <Filter>Source Files\Box2D</Filter>
    </ClCompile>
    <ClCompile Include="..\Source\Box2D\Box2D\Dynamics\Contacts\b2CircleContact.cpp">
      <Filter>Source Files\Box2D</Filter>
    </ClCompile>
    <ClCompile Include="..\Source\Box2D\Box2D\Collision\Shapes\b2CircleShape.cpp">
      <Filter>Source Files\Box2D</Filter>
    </ClCompile>
    <ClCompile Include="..\Source\Box2D\Box2D\Collision\b2CollideCircle.cpp">
      <Filter>Source Files\Box2D</Filter>
    </ClCompile>
    <ClCompile Include="..\Source\Box2D\Box2D\Collision\b2CollideEdge.cpp">
      <Filter>Source Files\Box2D</Filter>
    </ClCompile>
    <ClCompile Include="..\Source\Box2D\Box2D\Collision\b2CollidePolygon.cpp">
      <Filter>Source Files\Box2D</Filter>
    </ClCompile>
    <ClCompile Include="..\Source\Box2D\Box2D\Collision\b2Collision.cpp">
      <Filter>Source Files\Box2D</Filter>
    </ClCompile>
    <ClCompile Include="..\Source\Box2D\Box2D\Dynamics\Contacts\b2Contact.cpp">
      <Filter>Source Files\Box2D</Filter>
    </ClCompile>
    <ClCompile Include="..\Source\Box2D\Box2D\Dynamics\b2ContactManager.cpp">
      <Filter>Source Files\Box2D</Filter>
    </ClCompile>
    <ClCompile Include="..\Source\Box2D\Box2D\Dynamics\Contacts\b2ContactSolver.cpp">
      <Filter>Source Files\Box2D</Filter>
    </ClCompile>
    <ClCompile Include="..\Source\Box2D\Box2D\Collision\b2Distance.cpp">
      <Filter>Source Files\Box2D</Filter>
    </ClCompile>
    <ClCompile Include="..\Source\Box2D\Box2D\Dynamics\Joints\b2DistanceJoint.cpp">
      <Filter>Source Files\Box2D</Filter>
    </ClCompile>
    <ClCompile Include="..\Source\Box2D\Box2D\Common\b2Draw.cpp">
      <Filter>Source Files\Box2D</Filter>
    </ClCompile>
    <ClCompile Include="..\Source\Box2D\Box2D\Collision\b2DynamicTree.cpp">
      <Filter>Source Files\Box2D</Filter>
    </ClCompile>
    <ClCompile Include="..\Source\Box2D\Box2D\Dynamics\Contacts\b2EdgeAndCircleContact.cpp">
      <Filter>Source Files\Box2D</Filter>
    </ClCompile>
    <ClCompile Include="..\Source\Box2D\Box2D\Dynamics\Contacts\b2EdgeAndPolygonContact.cpp">
      <Filter>Source Files\Box2D</Filter>
    </ClCompile>
    <ClCompile Include="..\Source\Box2D\Box2D\Collision\Shapes\b2EdgeShape.cpp">
      <Filter>Source Files\Box2D</Filter>
    </ClCompile>
    <ClCompile Include="..\Source\Box2D\Box2D\Dynamics\b2Fixture.cpp">
      <Filter>Source Files\Box2D</Filter>
    </ClCompile>
    <ClCompile Include="..\Source\Box2D\Box2D\Dynamics\Joints\b2FrictionJoint.cpp">
      <Filter>Source Files\Box2D</Filter>
    </ClCompile>
    <ClCompile Include="..\Source\Box2D\Box2D\Dynamics\Joints\b2GearJoint.cpp">
      <Filter>Source Files\Box2D</Filter>
    </ClCompile>
    <ClCompile Include="..\Source\Box2D\Box2D\Dynamics\b2Island.cpp">
      <Filter>Source Files\Box2D</Filter>
    </ClCompile>
    <ClCompile Include="..\Source\Box2D\Box2D\Dynamics\Joints\b2Joint.cpp">
      <Filter>Source Files\Box2D</Filter>
    </ClCompile>
    <ClCompile Include="..\Source\Box2D\Box2D\Common\b2Math.cpp">
      <Filter>Source Files\Box2D</Filter>
    </ClCompile>
    <ClCompile Include="..\Source\Box2D\Box2D\Dynamics\Joints\b2MouseJoint.cpp">
      <Filter>Source Files\Box2D</Filter>
    </ClCompile>
    <ClCompile Include="..\Source\Box2D\Box2D\Dynamics\Contacts\b2PolygonAndCircleContact.cpp">
      <Filter>Source Files\Box2D</Filter>
    </ClCompile>
    <ClCompile Include="..\Source\Box2D\Box2D\Dynamics\Contacts\b2PolygonContact.cpp">
      <Filter>Source Files\Box2D</Filter>
    </ClCompile>
    <ClCompile Include="..\Source\Box2D\Box2D\Collision\Shapes\b2PolygonShape.cpp">
      <Filter>Source Files\Box2D</Filter>
    </ClCompile>
    <ClCompile Include="..\Source\Box2D\Box2D\Dynamics\Joints\b2PrismaticJoint.cpp">
      <Filter>Source Files\Box2D</Filter>
    </ClCompile>
    <ClCompile Include="..\Source\Box2D\Box2D\Dynamics\Joints\b2PulleyJoint.cpp">
      <Filter>Source Files\Box2D</Filter>
    </ClCompile>
    <ClCompile Include="..\Source\Box2D\Box2D\Dynamics\Joints\b2RevoluteJoint.cpp">
      <Filter>Source Files\Box2D</Filter>
    </ClCompile>
    <ClCompile Include="..\Source\Box2D\Box2D\Rope\b2Rope.cpp">
      <Filter>Source Files\Box2D</Filter>
    </ClCompile>
    <ClCompile Include="..\Source\Box2D\Box2D\Dynamics\Joints\b2RopeJoint.cpp">
      <Filter>Source Files\Box2D</Filter>
    </ClCompile>
    <ClCompile Include="..\Source\Box2D\Box2D\Common\b2Settings.cpp">
      <Filter>Source Files\Box2D</Filter>
    </ClCompile>
    <ClCompile Include="..\Source\Box2D\Box2D\Common\b2StackAllocator.cpp">
      <Filter>Source Files\Box2D</Filter>
    </ClCompile>
    <ClCompile Include="..\Source\Box2D\Box2D\Collision\b2TimeOfImpact.cpp">
      <Filter>Source Files\Box2D</Filter>
    </ClCompile>
    <ClCompile Include="..\Source\Box2D\Box2D\Common\b2Timer.cpp">
      <Filter>Source Files\Box2D</Filter>
    </ClCompile>
    <ClCompile Include="..\Source\Box2D\Box2D\Dynamics\Joints\b2WeldJoint.cpp">
      <Filter>Source Files\Box2D</Filter>
    </ClCompile>
    <ClCompile Include="..\Source\Box2D\Box2D\Dynamics\Joints\b2WheelJoint.cpp">
      <Filter>Source Files\Box2D</Filter>
    </ClCompile>
    <ClCompile Include="..\Source\Box2D\Box2D\Dynamics\b2World.cpp">
      <Filter>Source Files\Box2D</Filter>
    </ClCompile>
    <ClCompile Include="..\Source\Box2D\Box2D\Dynamics\b2WorldCallbacks.cpp">
      <Filter>Source Files\Box2D</Filter>
    </ClCompile>
    <ClCompile Include="..\Source\Base\App.cpp">
      <Filter>Source Files\Base</Filter>
    </ClCompile>
    <ClCompile Include="..\Source\Base\Component.cpp">
      <Filter>Source Files\Base</Filter>
    </ClCompile>
    <ClCompile Include="..\Source\Base\pch.cpp">
      <Filter>Source Files\Base</Filter>
    </ClCompile>
    <ClCompile Include="..\Source\Base\Random.cpp">
      <Filter>Source Files\Base</Filter>
    </ClCompile>
    <ClCompile Include="..\Source\Base\Touch.cpp">
      <Filter>Source Files\Base</Filter>
    </ClCompile>
    <ClCompile Include="..\Source\Base\Vec2.cpp">
      <Filter>Source Files\Base</Filter>
    </ClCompile>
    <ClCompile Include="..\Source\Dictionary\Dictionary.cpp">
      <Filter>Source Files\Dictionary</Filter>
    </ClCompile>
    <ClCompile Include="..\Source\Game\Board.cpp">
      <Filter>Source Files\Game</Filter>
    </ClCompile>
    <ClCompile Include="..\Source\Game\Game.cpp">
      <Filter>Source Files\Game</Filter>
    </ClCompile>
    <ClCompile Include="..\Source\Game\Tile.cpp">
      <Filter>Source Files\Game</Filter>
    </ClCompile>
    <ClCompile Include="..\Source\Game\Word.cpp">
      <Filter>Source Files\Game</Filter>
    </ClCompile>
    <ClCompile Include="..\Source\Gfx\Font.cpp">
      <Filter>Source Files\Gfx</Filter>
    </ClCompile>
    <ClCompile Include="..\Source\Gfx\Particles.cpp">
      <Filter>Source Files\Gfx</Filter>
    </ClCompile>
    <ClCompile Include="..\Source\UI\UIItem.cpp">
      <Filter>Source Files\UI</Filter>
    </ClCompile>
    <ClCompile Include="..\Source\Win32\Keyboard.cpp">
      <Filter>Source Files\Win32</Filter>
    </ClCompile>
    <ClCompile Include="..\Source\Win32\Screen.cpp">
      <Filter>Source Files\Win32</Filter>
    </ClCompile>
    <ClCompile Include="..\Source\Win32\Util.cpp">
      <Filter>Source Files\Win32</Filter>
    </ClCompile>
    <ClCompile Include="..\Source\Win32\WinMain.cpp">
      <Filter>Source Files\Win32</Filter>
    </ClCompile>
    <ClCompile Include="..\Source\Win32\OpenGL\OpenGL.cpp">
      <Filter>Source Files\Win32\OpenGL</Filter>
    </ClCompile>
    <ClCompile Include="..\Source\Win32\OpenGL\OpenGLSpriteList.cpp">
      <Filter>Source Files\Win32\OpenGL</Filter>
    </ClCompile>
    <ClCompile Include="..\Source\Win32\OpenGL\OpenGLTexture.cpp">
      <Filter>Source Files\Win32\OpenGL</Filter>
    </ClCompile>
    <ClCompile Include="..\Source\Win32\OpenGL\PngLoader.cpp">
      <Filter>Source Files\Win32\OpenGL</Filter>
    </ClCompile>
    <ClCompile Include="..\Source\Win32\D3D\D3D.cpp">
      <Filter>Source Files\Win32\D3D</Filter>
    </ClCompile>
    <ClCompile Include="..\Source\Win32\D3D\WICTextureLoader.cpp">
      <Filter>Source Files\Win32\D3D</Filter>
    </ClCompile>
    <ClCompile Include="..\Source\Win32\D3D\Win32SpriteList.cpp">
      <Filter>Source Files\Win32\D3D</Filter>
    </ClCompile>
    <ClCompile Include="..\Source\Win32\D3D\Win32Texture.cpp">
      <Filter>Source Files\Win32\D3D</Filter>
    </ClCompile>
    <ClCompile Include="..\Source\Base\UTF8.cpp">
      <Filter>Source Files\Base</Filter>
    </ClCompile>
    <ClCompile Include="..\Source\RapidXML\xml_util.cpp">
      <Filter>Source Files\RapidXML</Filter>
    </ClCompile>
    <ClCompile Include="..\Source\Gfx\SpriteList.cpp">
      <Filter>Source Files\Gfx</Filter>
    </ClCompile>
    <ClCompile Include="..\Source\Dictionary\Letter.cpp">
      <Filter>Source Files\Dictionary</Filter>
    </ClCompile>
    <ClCompile Include="..\Source\Game\DefinitionScreen.cpp">
      <Filter>Source Files\Game</Filter>
    </ClCompile>
    <ClCompile Include="..\Source\UI\UIDocument.cpp">
      <Filter>Source Files\UI</Filter>
    </ClCompile>
    <ClCompile Include="..\Source\UI\UIRectangle.cpp">
      <Filter>Source Files\UI</Filter>
    </ClCompile>
    <ClCompile Include="..\Source\Win32\Facebook.cpp">
      <Filter>Header Files\Win32</Filter>
    </ClCompile>
    <ClCompile Include="..\Source\Win32\URLLoader.cpp">
      <Filter>Source Files\Win32</Filter>
    </ClCompile>
    <ClCompile Include="..\Source\Game\ResultsUI.cpp">
      <Filter>Source Files\Game</Filter>
    </ClCompile>
    <ClCompile Include="..\Source\Win32\strptime.cpp">
      <Filter>Source Files\Win32</Filter>
    </ClCompile>
    <ClCompile Include="..\Source\Game\Leaderboard.cpp">
      <Filter>Source Files\Game</Filter>
    </ClCompile>
    <ClCompile Include="..\Source\UI\UITextButton.cpp">
      <Filter>Source Files\UI</Filter>
    </ClCompile>
    <ClCompile Include="..\Source\Game\Summary.cpp">
      <Filter>Source Files\Game</Filter>
    </ClCompile>
  </ItemGroup>
  <ItemGroup>
    <ClInclude Include="..\Source\MainUI.h">
      <Filter>Header Files</Filter>
    </ClInclude>
    <ClInclude Include="..\Source\MakeTheWords.h">
      <Filter>Header Files</Filter>
    </ClInclude>
    <ClInclude Include="..\Source\Box2D\Box2D\Common\b2BlockAllocator.h">
      <Filter>Header Files\Box2D</Filter>
    </ClInclude>
    <ClInclude Include="..\Source\Box2D\Box2D\Dynamics\b2WorldCallbacks.h">
      <Filter>Header Files\Box2D</Filter>
    </ClInclude>
    <ClInclude Include="..\Source\Box2D\Box2D\Dynamics\b2Body.h">
      <Filter>Header Files\Box2D</Filter>
    </ClInclude>
    <ClInclude Include="..\Source\Box2D\Box2D\Collision\b2BroadPhase.h">
      <Filter>Header Files\Box2D</Filter>
    </ClInclude>
    <ClInclude Include="..\Source\Box2D\Box2D\Dynamics\Contacts\b2ChainAndCircleContact.h">
      <Filter>Header Files\Box2D</Filter>
    </ClInclude>
    <ClInclude Include="..\Source\Box2D\Box2D\Dynamics\Contacts\b2ChainAndPolygonContact.h">
      <Filter>Header Files\Box2D</Filter>
    </ClInclude>
    <ClInclude Include="..\Source\Box2D\Box2D\Collision\Shapes\b2ChainShape.h">
      <Filter>Header Files\Box2D</Filter>
    </ClInclude>
    <ClInclude Include="..\Source\Box2D\Box2D\Dynamics\Contacts\b2CircleContact.h">
      <Filter>Header Files\Box2D</Filter>
    </ClInclude>
    <ClInclude Include="..\Source\Box2D\Box2D\Collision\Shapes\b2CircleShape.h">
      <Filter>Header Files\Box2D</Filter>
    </ClInclude>
    <ClInclude Include="..\Source\Box2D\Box2D\Collision\b2Collision.h">
      <Filter>Header Files\Box2D</Filter>
    </ClInclude>
    <ClInclude Include="..\Source\Box2D\Box2D\Dynamics\Contacts\b2Contact.h">
      <Filter>Header Files\Box2D</Filter>
    </ClInclude>
    <ClInclude Include="..\Source\Box2D\Box2D\Dynamics\b2ContactManager.h">
      <Filter>Header Files\Box2D</Filter>
    </ClInclude>
    <ClInclude Include="..\Source\Box2D\Box2D\Dynamics\Contacts\b2ContactSolver.h">
      <Filter>Header Files\Box2D</Filter>
    </ClInclude>
    <ClInclude Include="..\Source\Box2D\Box2D\Collision\b2Distance.h">
      <Filter>Header Files\Box2D</Filter>
    </ClInclude>
    <ClInclude Include="..\Source\Box2D\Box2D\Dynamics\Joints\b2DistanceJoint.h">
      <Filter>Header Files\Box2D</Filter>
    </ClInclude>
    <ClInclude Include="..\Source\Box2D\Box2D\Common\b2Draw.h">
      <Filter>Header Files\Box2D</Filter>
    </ClInclude>
    <ClInclude Include="..\Source\Box2D\Box2D\Collision\b2DynamicTree.h">
      <Filter>Header Files\Box2D</Filter>
    </ClInclude>
    <ClInclude Include="..\Source\Box2D\Box2D\Dynamics\Contacts\b2EdgeAndCircleContact.h">
      <Filter>Header Files\Box2D</Filter>
    </ClInclude>
    <ClInclude Include="..\Source\Box2D\Box2D\Dynamics\Contacts\b2EdgeAndPolygonContact.h">
      <Filter>Header Files\Box2D</Filter>
    </ClInclude>
    <ClInclude Include="..\Source\Box2D\Box2D\Collision\Shapes\b2EdgeShape.h">
      <Filter>Header Files\Box2D</Filter>
    </ClInclude>
    <ClInclude Include="..\Source\Box2D\Box2D\Dynamics\b2Fixture.h">
      <Filter>Header Files\Box2D</Filter>
    </ClInclude>
    <ClInclude Include="..\Source\Box2D\Box2D\Dynamics\Joints\b2FrictionJoint.h">
      <Filter>Header Files\Box2D</Filter>
    </ClInclude>
    <ClInclude Include="..\Source\Box2D\Box2D\Dynamics\Joints\b2GearJoint.h">
      <Filter>Header Files\Box2D</Filter>
    </ClInclude>
    <ClInclude Include="..\Source\Box2D\Box2D\Common\b2GrowableStack.h">
      <Filter>Header Files\Box2D</Filter>
    </ClInclude>
    <ClInclude Include="..\Source\Box2D\Box2D\Dynamics\b2Island.h">
      <Filter>Header Files\Box2D</Filter>
    </ClInclude>
    <ClInclude Include="..\Source\Box2D\Box2D\Dynamics\Joints\b2Joint.h">
      <Filter>Header Files\Box2D</Filter>
    </ClInclude>
    <ClInclude Include="..\Source\Box2D\Box2D\Common\b2Math.h">
      <Filter>Header Files\Box2D</Filter>
    </ClInclude>
    <ClInclude Include="..\Source\Box2D\Box2D\Dynamics\Joints\b2MouseJoint.h">
      <Filter>Header Files\Box2D</Filter>
    </ClInclude>
    <ClInclude Include="..\Source\Box2D\Box2D\Dynamics\Contacts\b2PolygonAndCircleContact.h">
      <Filter>Header Files\Box2D</Filter>
    </ClInclude>
    <ClInclude Include="..\Source\Box2D\Box2D\Dynamics\Contacts\b2PolygonContact.h">
      <Filter>Header Files\Box2D</Filter>
    </ClInclude>
    <ClInclude Include="..\Source\Box2D\Box2D\Collision\Shapes\b2PolygonShape.h">
      <Filter>Header Files\Box2D</Filter>
    </ClInclude>
    <ClInclude Include="..\Source\Box2D\Box2D\Dynamics\Joints\b2PrismaticJoint.h">
      <Filter>Header Files\Box2D</Filter>
    </ClInclude>
    <ClInclude Include="..\Source\Box2D\Box2D\Dynamics\Joints\b2PulleyJoint.h">
      <Filter>Header Files\Box2D</Filter>
    </ClInclude>
    <ClInclude Include="..\Source\Box2D\Box2D\Dynamics\Joints\b2RevoluteJoint.h">
      <Filter>Header Files\Box2D</Filter>
    </ClInclude>
    <ClInclude Include="..\Source\Box2D\Box2D\Rope\b2Rope.h">
      <Filter>Header Files\Box2D</Filter>
    </ClInclude>
    <ClInclude Include="..\Source\Box2D\Box2D\Dynamics\Joints\b2RopeJoint.h">
      <Filter>Header Files\Box2D</Filter>
    </ClInclude>
    <ClInclude Include="..\Source\Box2D\Box2D\Common\b2Settings.h">
      <Filter>Header Files\Box2D</Filter>
    </ClInclude>
    <ClInclude Include="..\Source\Box2D\Box2D\Collision\Shapes\b2Shape.h">
      <Filter>Header Files\Box2D</Filter>
    </ClInclude>
    <ClInclude Include="..\Source\Box2D\Box2D\Common\b2StackAllocator.h">
      <Filter>Header Files\Box2D</Filter>
    </ClInclude>
    <ClInclude Include="..\Source\Box2D\Box2D\Collision\b2TimeOfImpact.h">
      <Filter>Header Files\Box2D</Filter>
    </ClInclude>
    <ClInclude Include="..\Source\Box2D\Box2D\Common\b2Timer.h">
      <Filter>Header Files\Box2D</Filter>
    </ClInclude>
    <ClInclude Include="..\Source\Box2D\Box2D\Dynamics\b2TimeStep.h">
      <Filter>Header Files\Box2D</Filter>
    </ClInclude>
    <ClInclude Include="..\Source\Box2D\Box2D\Dynamics\Joints\b2WeldJoint.h">
      <Filter>Header Files\Box2D</Filter>
    </ClInclude>
    <ClInclude Include="..\Source\Box2D\Box2D\Dynamics\Joints\b2WheelJoint.h">
      <Filter>Header Files\Box2D</Filter>
    </ClInclude>
    <ClInclude Include="..\Source\Box2D\Box2D\Dynamics\b2World.h">
      <Filter>Header Files\Box2D</Filter>
    </ClInclude>
    <ClInclude Include="..\Source\Base\App.h">
      <Filter>Header Files\Base</Filter>
    </ClInclude>
    <ClInclude Include="..\Source\Base\CodeTimer.h">
      <Filter>Header Files\Base</Filter>
    </ClInclude>
    <ClInclude Include="..\Source\Base\Component.h">
      <Filter>Header Files\Base</Filter>
    </ClInclude>
    <ClInclude Include="..\Source\Base\LinkedList.h">
      <Filter>Header Files\Base</Filter>
    </ClInclude>
    <ClInclude Include="..\Source\Base\pch.h">
      <Filter>Header Files\Base</Filter>
    </ClInclude>
    <ClInclude Include="..\Source\Base\Point.h">
      <Filter>Header Files\Base</Filter>
    </ClInclude>
    <ClInclude Include="..\Source\Base\Pool.h">
      <Filter>Header Files\Base</Filter>
    </ClInclude>
    <ClInclude Include="..\Source\Base\Random.h">
      <Filter>Header Files\Base</Filter>
    </ClInclude>
    <ClInclude Include="..\Source\Base\Refcount.h">
      <Filter>Header Files\Base</Filter>
    </ClInclude>
    <ClInclude Include="..\Source\Base\ScopedObject.h">
      <Filter>Header Files\Base</Filter>
    </ClInclude>
    <ClInclude Include="..\Source\Base\Size.h">
      <Filter>Header Files\Base</Filter>
    </ClInclude>
    <ClInclude Include="..\Source\Base\Touch.h">
      <Filter>Header Files\Base</Filter>
    </ClInclude>
    <ClInclude Include="..\Source\Base\Types.h">
      <Filter>Header Files\Base</Filter>
    </ClInclude>
    <ClInclude Include="..\Source\Base\Util.h">
      <Filter>Header Files\Base</Filter>
    </ClInclude>
    <ClInclude Include="..\Source\Base\Vec2.h">
      <Filter>Header Files\Base</Filter>
    </ClInclude>
    <ClInclude Include="..\Source\Dictionary\Dictionary.h">
      <Filter>Header Files\Dictionary</Filter>
    </ClInclude>
    <ClInclude Include="..\Source\Fluid\Constants.h">
      <Filter>Header Files\Fluid</Filter>
    </ClInclude>
    <ClInclude Include="..\Source\Fluid\FlagMap.h">
      <Filter>Header Files\Fluid</Filter>
    </ClInclude>
    <ClInclude Include="..\Source\Fluid\Grid.h">
      <Filter>Header Files\Fluid</Filter>
    </ClInclude>
    <ClInclude Include="..\Source\Fluid\Neighbour.h">
      <Filter>Header Files\Fluid</Filter>
    </ClInclude>
    <ClInclude Include="..\Source\Fluid\Particle.h">
      <Filter>Header Files\Fluid</Filter>
    </ClInclude>
    <ClInclude Include="..\Source\Fluid\Position.h">
      <Filter>Header Files\Fluid</Filter>
    </ClInclude>
    <ClInclude Include="..\Source\Fluid\Spring.h">
      <Filter>Header Files\Fluid</Filter>
    </ClInclude>
    <ClInclude Include="..\Source\Fluid\World.h">
      <Filter>Header Files\Fluid</Filter>
    </ClInclude>
    <ClInclude Include="..\Source\Game\Index.h">
      <Filter>Header Files\Game</Filter>
    </ClInclude>
    <ClInclude Include="..\Source\Game\Game.h">
      <Filter>Header Files\Game</Filter>
    </ClInclude>
    <ClInclude Include="..\Source\Game\Board.h">
      <Filter>Header Files\Game</Filter>
    </ClInclude>
    <ClInclude Include="..\Source\Game\InGameUI.h">
      <Filter>Header Files\Game</Filter>
    </ClInclude>
    <ClInclude Include="..\Source\Game\Tile.h">
      <Filter>Header Files\Game</Filter>
    </ClInclude>
    <ClInclude Include="..\Source\Game\Word.h">
      <Filter>Header Files\Game</Filter>
    </ClInclude>
    <ClInclude Include="..\Source\Box2D\Box2D\Box2D.h">
      <Filter>Header Files\Box2D</Filter>
    </ClInclude>
    <ClInclude Include="..\Source\Gfx\Color.h">
      <Filter>Header Files\Gfx</Filter>
    </ClInclude>
    <ClInclude Include="..\Source\Gfx\Font.h">
      <Filter>Header Files\Gfx</Filter>
    </ClInclude>
    <ClInclude Include="..\Source\Gfx\Graphics.h">
      <Filter>Header Files\Gfx</Filter>
    </ClInclude>
    <ClInclude Include="..\Source\Gfx\Particles.h">
      <Filter>Header Files\Gfx</Filter>
    </ClInclude>
    <ClInclude Include="..\Source\Gfx\Screen.h">
      <Filter>Header Files\Gfx</Filter>
    </ClInclude>
    <ClInclude Include="..\Source\Gfx\SpriteList.h">
      <Filter>Header Files\Gfx</Filter>
    </ClInclude>
    <ClInclude Include="..\Source\Gfx\Texture.h">
      <Filter>Header Files\Gfx</Filter>
    </ClInclude>
    <ClInclude Include="..\Source\RapidXML\rapidxml.hpp">
      <Filter>Header Files\RapidXML</Filter>
    </ClInclude>
    <ClInclude Include="..\Source\RapidXML\rapidxml_iterators.hpp">
      <Filter>Header Files\RapidXML</Filter>
    </ClInclude>
    <ClInclude Include="..\Source\RapidXML\rapidxml_print.hpp">
      <Filter>Header Files\RapidXML</Filter>
    </ClInclude>
    <ClInclude Include="..\Source\RapidXML\rapidxml_utils.hpp">
      <Filter>Header Files\RapidXML</Filter>
    </ClInclude>
    <ClInclude Include="..\Source\RapidXML\xml_util.h">
      <Filter>Header Files\RapidXML</Filter>
    </ClInclude>
    <ClInclude Include="..\Source\UI\UIImage.h">
      <Filter>Header Files\UI</Filter>
    </ClInclude>
    <ClInclude Include="..\Source\UI\UIImageButton.h">
      <Filter>Header Files\UI</Filter>
    </ClInclude>
    <ClInclude Include="..\Source\UI\UIItem.h">
      <Filter>Header Files\UI</Filter>
    </ClInclude>
    <ClInclude Include="..\Source\UI\UIScreen.h">
      <Filter>Header Files\UI</Filter>
    </ClInclude>
    <ClInclude Include="..\Source\UI\UITextLabel.h">
      <Filter>Header Files\UI</Filter>
    </ClInclude>
    <ClInclude Include="..\Source\Win32\Keyboard.h">
      <Filter>Header Files\Win32</Filter>
    </ClInclude>
    <ClInclude Include="..\Source\Win32\Timer.h">
      <Filter>Header Files\Win32</Filter>
    </ClInclude>
    <ClInclude Include="..\Source\Win32\Win32.h">
      <Filter>Header Files\Win32</Filter>
    </ClInclude>
    <ClInclude Include="..\Source\Win32\D3D\D3D.h">
      <Filter>Header Files\Win32\D3D</Filter>
    </ClInclude>
    <ClInclude Include="..\Source\Win32\D3D\WICTextureLoader.h">
      <Filter>Header Files\Win32\D3D</Filter>
    </ClInclude>
    <ClInclude Include="..\Source\Win32\OpenGL\PngLoader.h">
      <Filter>Header Files\Win32\OpenGL</Filter>
    </ClInclude>
    <ClInclude Include="..\Source\Base\UTF8.h">
      <Filter>Header Files\Base</Filter>
    </ClInclude>
    <ClInclude Include="..\Source\Dictionary\Letter.h">
      <Filter>Header Files\Dictionary</Filter>
    </ClInclude>
    <ClInclude Include="..\Source\UI\UIDocument.h">
      <Filter>Header Files\UI</Filter>
    </ClInclude>
    <ClInclude Include="..\Source\Game\DefinitionScreen.h">
      <Filter>Header Files\Game</Filter>
    </ClInclude>
    <ClInclude Include="..\Source\UI\UIRectangle.h">
      <Filter>Header Files\UI</Filter>
    </ClInclude>
    <ClInclude Include="..\Source\iOS\Facebook.h">
      <Filter>Header Files</Filter>
    </ClInclude>
    <ClInclude Include="..\Source\Facebook\Facebook.h">
      <Filter>Header Files</Filter>
    </ClInclude>
    <ClInclude Include="..\Source\Base\URLLoader.h">
      <Filter>Header Files\Base</Filter>
    </ClInclude>
    <ClInclude Include="..\Source\Game\ResultsUI.h">
      <Filter>Header Files\Game</Filter>
    </ClInclude>
    <ClInclude Include="..\Source\Base\Value.h">
      <Filter>Header Files\Base</Filter>
    </ClInclude>
    <ClInclude Include="..\Source\UI\UITextButton.h">
      <Filter>Header Files\UI</Filter>
    </ClInclude>
    <ClInclude Include="..\Source\UI\UIButton.h">
      <Filter>Header Files\UI</Filter>
    </ClInclude>
    <ClInclude Include="..\Source\UI\HeaderBar.h">
      <Filter>Header Files\Game</Filter>
    </ClInclude>
    <ClInclude Include="..\Source\Game\Leaderboard.h">
      <Filter>Header Files\Game</Filter>
    </ClInclude>
    <ClInclude Include="..\Source\Game\Summary.h">
      <Filter>Header Files\Game</Filter>
    </ClInclude>
    <ClInclude Include="..\Source\Base\linked_list.h">
      <Filter>Header Files\Base</Filter>
    </ClInclude>
  </ItemGroup>
  <ItemGroup>
    <Text Include="..\Source\Fluid\Constants.cpp">
      <Filter>Source Files\Fluid</Filter>
    </Text>
    <Text Include="..\Source\Fluid\World.cpp">
      <Filter>Source Files\Fluid</Filter>
    </Text>
    <Text Include="..\Source\Fluid\Spring.cpp">
      <Filter>Source Files\Fluid</Filter>
    </Text>
    <Text Include="..\Source\Fluid\Particle.cpp">
      <Filter>Source Files\Fluid</Filter>
    </Text>
    <Text Include="..\Source\Fluid\Neighbour.cpp">
      <Filter>Source Files\Fluid</Filter>
    </Text>
    <Text Include="..\Source\Fluid\Grid.cpp">
      <Filter>Source Files\Fluid</Filter>
    </Text>
  </ItemGroup>
  <ItemGroup>
    <None Include="..\Data\Cooper_Black_48.bitmapfont">
      <Filter>Data</Filter>
    </None>
    <None Include="..\Data\redball.png">
      <Filter>Data</Filter>
    </None>
    <None Include="..\Data\allColour.png">
      <Filter>Data</Filter>
    </None>
    <None Include="..\Data\Blob.png">
      <Filter>Data</Filter>
    </None>
    <None Include="..\Data\Cooper_Black_480.png">
      <Filter>Data</Filter>
    </None>
    <None Include="..\Data\Main.fx">
      <Filter>Data</Filter>
    </None>
    <None Include="..\Data\PlayButton.png">
      <Filter>Data</Filter>
    </None>
    <None Include="..\Data\english.dictionary">
      <Filter>Data</Filter>
    </None>
    <None Include="..\Data\definitionBody.bitmapfont">
      <Filter>Data</Filter>
    </None>
    <None Include="..\Data\definitionHeader.bitmapfont">
      <Filter>Data</Filter>
    </None>
    <None Include="..\Data\score.bitmapfont">
      <Filter>Data</Filter>
    </None>
    <None Include="..\Data\debug.bitmapfont">
      <Filter>Data</Filter>
    </None>
  </ItemGroup>
  <ItemGroup>
    <Image Include="..\Data\definitionBody0.png">
      <Filter>Data</Filter>
    </Image>
    <Image Include="..\Data\definitionHeader0.png">
      <Filter>Data</Filter>
    </Image>
    <Image Include="..\Data\icon_close.png">
      <Filter>Data</Filter>
    </Image>
    <Image Include="..\Data\LeftArrow.png">
      <Filter>Data</Filter>
    </Image>
    <Image Include="..\Data\RightArrow.png">
      <Filter>Data</Filter>
    </Image>
    <Image Include="..\Data\score0.png">
      <Filter>Data</Filter>
    </Image>
    <Image Include="..\Data\debug0.png">
      <Filter>Data</Filter>
    </Image>
    <Image Include="..\Data\RedTest.png">
      <Filter>Data</Filter>
    </Image>
    <Image Include="..\Data\undo.png">
      <Filter>Data</Filter>
    </Image>
    <Image Include="..\Data\middle.png">
      <Filter>Data</Filter>
    </Image>
    <Image Include="..\Data\down.png">
      <Filter>Data</Filter>
    </Image>
    <Image Include="..\Data\up.png">
      <Filter>Data</Filter>
    </Image>
    <Image Include="..\Data\top.png">
      <Filter>Data</Filter>
    </Image>
    <Image Include="..\Data\bottom.png">
      <Filter>Data</Filter>
    </Image>
  </ItemGroup>
</Project>